// !$*UTF8*$!
{
	archiveVersion = 1;
	classes = {
	};
	objectVersion = 56;
	objects = {

/* Begin PBXBuildFile section */
		9836CF072BE7D19B00D6EB7D /* MainViewModel.swift in Sources */ = {isa = PBXBuildFile; fileRef = 9836CF062BE7D19B00D6EB7D /* MainViewModel.swift */; };
		9836CF092BE7D1FA00D6EB7D /* SearchBar.swift in Sources */ = {isa = PBXBuildFile; fileRef = 9836CF082BE7D1FA00D6EB7D /* SearchBar.swift */; };
		9836CF0B2BE7D25700D6EB7D /* WeatherData.swift in Sources */ = {isa = PBXBuildFile; fileRef = 9836CF0A2BE7D25700D6EB7D /* WeatherData.swift */; };
		9836CF0D2BE7D27800D6EB7D /* CityAnnotation.swift in Sources */ = {isa = PBXBuildFile; fileRef = 9836CF0C2BE7D27800D6EB7D /* CityAnnotation.swift */; };
		985773BF2BE7F53700677D98 /* WeatherCell.swift in Sources */ = {isa = PBXBuildFile; fileRef = 985773BE2BE7F53700677D98 /* WeatherCell.swift */; };
		985773C12BE7F6FA00677D98 /* Color.xcassets in Resources */ = {isa = PBXBuildFile; fileRef = 985773C02BE7F6FA00677D98 /* Color.xcassets */; };
		98CAFA332BE5394D005571A2 /* WeatherApp.swift in Sources */ = {isa = PBXBuildFile; fileRef = 98CAFA322BE5394D005571A2 /* WeatherApp.swift */; };
		98CAFA3A2BE53950005571A2 /* Preview Assets.xcassets in Resources */ = {isa = PBXBuildFile; fileRef = 98CAFA392BE53950005571A2 /* Preview Assets.xcassets */; };
		98CAFA472BE539BE005571A2 /* MapIntegrationView.swift in Sources */ = {isa = PBXBuildFile; fileRef = 98CAFA462BE539BE005571A2 /* MapIntegrationView.swift */; };
		98CAFA492BE539C6005571A2 /* FavoriteView.swift in Sources */ = {isa = PBXBuildFile; fileRef = 98CAFA482BE539C6005571A2 /* FavoriteView.swift */; };
		98CAFA4B2BE539CE005571A2 /* MainView.swift in Sources */ = {isa = PBXBuildFile; fileRef = 98CAFA4A2BE539CE005571A2 /* MainView.swift */; };
		98CAFA4E2BE539FC005571A2 /* WeatherSummaryView.swift in Sources */ = {isa = PBXBuildFile; fileRef = 98CAFA4D2BE539FC005571A2 /* WeatherSummaryView.swift */; };
		98CAFA592BE543CF005571A2 /* Weather.swift in Sources */ = {isa = PBXBuildFile; fileRef = 98CAFA582BE543CF005571A2 /* Weather.swift */; };
		98CAFA612BE57792005571A2 /* WeatherService.swift in Sources */ = {isa = PBXBuildFile; fileRef = 98CAFA602BE57792005571A2 /* WeatherService.swift */; };
		98CAFA672BE5813E005571A2 /* LocationManager.swift in Sources */ = {isa = PBXBuildFile; fileRef = 98CAFA662BE5813E005571A2 /* LocationManager.swift */; };
		98E322C62BE824E50075DFA1 /* Colors.swift in Sources */ = {isa = PBXBuildFile; fileRef = 98E322C52BE824E50075DFA1 /* Colors.swift */; };
		98E322C82BE82B7C0075DFA1 /* Assets.xcassets in Resources */ = {isa = PBXBuildFile; fileRef = 98E322C72BE82B7C0075DFA1 /* Assets.xcassets */; };
/* End PBXBuildFile section */

/* Begin PBXFileReference section */
		9836CF062BE7D19B00D6EB7D /* MainViewModel.swift */ = {isa = PBXFileReference; lastKnownFileType = sourcecode.swift; path = MainViewModel.swift; sourceTree = "<group>"; };
		9836CF082BE7D1FA00D6EB7D /* SearchBar.swift */ = {isa = PBXFileReference; lastKnownFileType = sourcecode.swift; path = SearchBar.swift; sourceTree = "<group>"; };
		9836CF0A2BE7D25700D6EB7D /* WeatherData.swift */ = {isa = PBXFileReference; lastKnownFileType = sourcecode.swift; path = WeatherData.swift; sourceTree = "<group>"; };
		9836CF0C2BE7D27800D6EB7D /* CityAnnotation.swift */ = {isa = PBXFileReference; lastKnownFileType = sourcecode.swift; path = CityAnnotation.swift; sourceTree = "<group>"; };
		985773BE2BE7F53700677D98 /* WeatherCell.swift */ = {isa = PBXFileReference; lastKnownFileType = sourcecode.swift; path = WeatherCell.swift; sourceTree = "<group>"; };
		985773C02BE7F6FA00677D98 /* Color.xcassets */ = {isa = PBXFileReference; lastKnownFileType = folder.assetcatalog; path = Color.xcassets; sourceTree = "<group>"; };
		98CAFA2F2BE5394D005571A2 /* Weather.app */ = {isa = PBXFileReference; explicitFileType = wrapper.application; includeInIndex = 0; path = Weather.app; sourceTree = BUILT_PRODUCTS_DIR; };
		98CAFA322BE5394D005571A2 /* WeatherApp.swift */ = {isa = PBXFileReference; lastKnownFileType = sourcecode.swift; path = WeatherApp.swift; sourceTree = "<group>"; };
		98CAFA392BE53950005571A2 /* Preview Assets.xcassets */ = {isa = PBXFileReference; lastKnownFileType = folder.assetcatalog; path = "Preview Assets.xcassets"; sourceTree = "<group>"; };
		98CAFA462BE539BE005571A2 /* MapIntegrationView.swift */ = {isa = PBXFileReference; lastKnownFileType = sourcecode.swift; path = MapIntegrationView.swift; sourceTree = "<group>"; };
		98CAFA482BE539C6005571A2 /* FavoriteView.swift */ = {isa = PBXFileReference; lastKnownFileType = sourcecode.swift; path = FavoriteView.swift; sourceTree = "<group>"; };
		98CAFA4A2BE539CE005571A2 /* MainView.swift */ = {isa = PBXFileReference; lastKnownFileType = sourcecode.swift; path = MainView.swift; sourceTree = "<group>"; };
		98CAFA4D2BE539FC005571A2 /* WeatherSummaryView.swift */ = {isa = PBXFileReference; lastKnownFileType = sourcecode.swift; path = WeatherSummaryView.swift; sourceTree = "<group>"; };
		98CAFA582BE543CF005571A2 /* Weather.swift */ = {isa = PBXFileReference; lastKnownFileType = sourcecode.swift; path = Weather.swift; sourceTree = "<group>"; };
		98CAFA602BE57792005571A2 /* WeatherService.swift */ = {isa = PBXFileReference; lastKnownFileType = sourcecode.swift; path = WeatherService.swift; sourceTree = "<group>"; };
		98CAFA662BE5813E005571A2 /* LocationManager.swift */ = {isa = PBXFileReference; lastKnownFileType = sourcecode.swift; path = LocationManager.swift; sourceTree = "<group>"; };
		98E322C52BE824E50075DFA1 /* Colors.swift */ = {isa = PBXFileReference; lastKnownFileType = sourcecode.swift; path = Colors.swift; sourceTree = "<group>"; };
		98E322C72BE82B7C0075DFA1 /* Assets.xcassets */ = {isa = PBXFileReference; lastKnownFileType = folder.assetcatalog; path = Assets.xcassets; sourceTree = "<group>"; };
/* End PBXFileReference section */

/* Begin PBXFrameworksBuildPhase section */
		98CAFA2C2BE5394D005571A2 /* Frameworks */ = {
			isa = PBXFrameworksBuildPhase;
			buildActionMask = 2147483647;
			files = (
			);
			runOnlyForDeploymentPostprocessing = 0;
		};
/* End PBXFrameworksBuildPhase section */

/* Begin PBXGroup section */
		9836CF042BE7D13100D6EB7D /* Base */ = {
			isa = PBXGroup;
			children = (
				98CAFA322BE5394D005571A2 /* WeatherApp.swift */,
			);
			path = Base;
			sourceTree = "<group>";
		};
		9836CF052BE7D18500D6EB7D /* ViewModel */ = {
			isa = PBXGroup;
			children = (
				9836CF062BE7D19B00D6EB7D /* MainViewModel.swift */,
			);
			path = ViewModel;
			sourceTree = "<group>";
		};
		98CAFA262BE5394D005571A2 = {
			isa = PBXGroup;
			children = (
				98CAFA312BE5394D005571A2 /* Weather */,
				98CAFA302BE5394D005571A2 /* Products */,
			);
			sourceTree = "<group>";
		};
		98CAFA302BE5394D005571A2 /* Products */ = {
			isa = PBXGroup;
			children = (
				98CAFA2F2BE5394D005571A2 /* Weather.app */,
			);
			name = Products;
			sourceTree = "<group>";
		};
		98CAFA312BE5394D005571A2 /* Weather */ = {
			isa = PBXGroup;
			children = (
				9836CF042BE7D13100D6EB7D /* Base */,
				98CAFA562BE543B6005571A2 /* DataProvider */,
				98CAFA402BE53979005571A2 /* View */,
				9836CF052BE7D18500D6EB7D /* ViewModel */,
				98CAFA4F2BE53A34005571A2 /* Resources */,
				98CAFA382BE53950005571A2 /* Preview Content */,
			);
			path = Weather;
			sourceTree = "<group>";
		};
		98CAFA382BE53950005571A2 /* Preview Content */ = {
			isa = PBXGroup;
			children = (
				98CAFA392BE53950005571A2 /* Preview Assets.xcassets */,
			);
			path = "Preview Content";
			sourceTree = "<group>";
		};
		98CAFA402BE53979005571A2 /* View */ = {
			isa = PBXGroup;
			children = (
				98CAFA412BE53981005571A2 /* Main */,
				98CAFA422BE53986005571A2 /* Favorite */,
				98CAFA432BE53995005571A2 /* MapIntegration */,
			);
			path = View;
			sourceTree = "<group>";
		};
		98CAFA412BE53981005571A2 /* Main */ = {
			isa = PBXGroup;
			children = (
				98CAFA4A2BE539CE005571A2 /* MainView.swift */,
				98CAFA4D2BE539FC005571A2 /* WeatherSummaryView.swift */,
			);
			path = Main;
			sourceTree = "<group>";
		};
		98CAFA422BE53986005571A2 /* Favorite */ = {
			isa = PBXGroup;
			children = (
				9836CF082BE7D1FA00D6EB7D /* SearchBar.swift */,
				98CAFA482BE539C6005571A2 /* FavoriteView.swift */,
				985773BE2BE7F53700677D98 /* WeatherCell.swift */,
			);
			path = Favorite;
			sourceTree = "<group>";
		};
		98CAFA432BE53995005571A2 /* MapIntegration */ = {
			isa = PBXGroup;
			children = (
				98CAFA462BE539BE005571A2 /* MapIntegrationView.swift */,
			);
			path = MapIntegration;
			sourceTree = "<group>";
		};
		98CAFA4F2BE53A34005571A2 /* Resources */ = {
			isa = PBXGroup;
			children = (
				98E322C72BE82B7C0075DFA1 /* Assets.xcassets */,
				985773C02BE7F6FA00677D98 /* Color.xcassets */,
				98E322C52BE824E50075DFA1 /* Colors.swift */,
			);
			path = Resources;
			sourceTree = "<group>";
		};
		98CAFA562BE543B6005571A2 /* DataProvider */ = {
			isa = PBXGroup;
			children = (
				98CAFA572BE543BE005571A2 /* Model */,
				98CAFA632BE580CE005571A2 /* Manager */,
			);
			path = DataProvider;
			sourceTree = "<group>";
		};
		98CAFA572BE543BE005571A2 /* Model */ = {
			isa = PBXGroup;
			children = (
				98CAFA582BE543CF005571A2 /* Weather.swift */,
				9836CF0A2BE7D25700D6EB7D /* WeatherData.swift */,
				9836CF0C2BE7D27800D6EB7D /* CityAnnotation.swift */,
			);
			path = Model;
			sourceTree = "<group>";
		};
		98CAFA632BE580CE005571A2 /* Manager */ = {
			isa = PBXGroup;
			children = (
				98CAFA662BE5813E005571A2 /* LocationManager.swift */,
				98CAFA602BE57792005571A2 /* WeatherService.swift */,
			);
			path = Manager;
			sourceTree = "<group>";
		};
/* End PBXGroup section */

/* Begin PBXNativeTarget section */
		98CAFA2E2BE5394D005571A2 /* Weather */ = {
			isa = PBXNativeTarget;
			buildConfigurationList = 98CAFA3D2BE53950005571A2 /* Build configuration list for PBXNativeTarget "Weather" */;
			buildPhases = (
				98CAFA2B2BE5394D005571A2 /* Sources */,
				98CAFA2C2BE5394D005571A2 /* Frameworks */,
				98CAFA2D2BE5394D005571A2 /* Resources */,
			);
			buildRules = (
			);
			dependencies = (
			);
			name = Weather;
			productName = Weather;
			productReference = 98CAFA2F2BE5394D005571A2 /* Weather.app */;
			productType = "com.apple.product-type.application";
		};
/* End PBXNativeTarget section */

/* Begin PBXProject section */
		98CAFA272BE5394D005571A2 /* Project object */ = {
			isa = PBXProject;
			attributes = {
				BuildIndependentTargetsInParallel = 1;
				LastSwiftUpdateCheck = 1520;
				LastUpgradeCheck = 1520;
				TargetAttributes = {
					98CAFA2E2BE5394D005571A2 = {
						CreatedOnToolsVersion = 15.2;
					};
				};
			};
			buildConfigurationList = 98CAFA2A2BE5394D005571A2 /* Build configuration list for PBXProject "Weather" */;
			compatibilityVersion = "Xcode 14.0";
			developmentRegion = en;
			hasScannedForEncodings = 0;
			knownRegions = (
				en,
				Base,
			);
			mainGroup = 98CAFA262BE5394D005571A2;
			productRefGroup = 98CAFA302BE5394D005571A2 /* Products */;
			projectDirPath = "";
			projectRoot = "";
			targets = (
				98CAFA2E2BE5394D005571A2 /* Weather */,
			);
		};
/* End PBXProject section */

/* Begin PBXResourcesBuildPhase section */
		98CAFA2D2BE5394D005571A2 /* Resources */ = {
			isa = PBXResourcesBuildPhase;
			buildActionMask = 2147483647;
			files = (
				98CAFA3A2BE53950005571A2 /* Preview Assets.xcassets in Resources */,
				98E322C82BE82B7C0075DFA1 /* Assets.xcassets in Resources */,
				985773C12BE7F6FA00677D98 /* Color.xcassets in Resources */,
			);
			runOnlyForDeploymentPostprocessing = 0;
		};
/* End PBXResourcesBuildPhase section */

/* Begin PBXSourcesBuildPhase section */
		98CAFA2B2BE5394D005571A2 /* Sources */ = {
			isa = PBXSourcesBuildPhase;
			buildActionMask = 2147483647;
			files = (
				98CAFA472BE539BE005571A2 /* MapIntegrationView.swift in Sources */,
				98CAFA612BE57792005571A2 /* WeatherService.swift in Sources */,
				98CAFA4E2BE539FC005571A2 /* WeatherSummaryView.swift in Sources */,
				98E322C62BE824E50075DFA1 /* Colors.swift in Sources */,
				98CAFA4B2BE539CE005571A2 /* MainView.swift in Sources */,
				985773BF2BE7F53700677D98 /* WeatherCell.swift in Sources */,
				98CAFA592BE543CF005571A2 /* Weather.swift in Sources */,
				9836CF0B2BE7D25700D6EB7D /* WeatherData.swift in Sources */,
				9836CF072BE7D19B00D6EB7D /* MainViewModel.swift in Sources */,
				98CAFA492BE539C6005571A2 /* FavoriteView.swift in Sources */,
				9836CF092BE7D1FA00D6EB7D /* SearchBar.swift in Sources */,
				98CAFA332BE5394D005571A2 /* WeatherApp.swift in Sources */,
				98CAFA672BE5813E005571A2 /* LocationManager.swift in Sources */,
				9836CF0D2BE7D27800D6EB7D /* CityAnnotation.swift in Sources */,
			);
			runOnlyForDeploymentPostprocessing = 0;
		};
/* End PBXSourcesBuildPhase section */

/* Begin XCBuildConfiguration section */
		98CAFA3B2BE53950005571A2 /* Debug */ = {
			isa = XCBuildConfiguration;
			buildSettings = {
				ALWAYS_SEARCH_USER_PATHS = NO;
				ASSETCATALOG_COMPILER_GENERATE_SWIFT_ASSET_SYMBOL_EXTENSIONS = YES;
				CLANG_ANALYZER_NONNULL = YES;
				CLANG_ANALYZER_NUMBER_OBJECT_CONVERSION = YES_AGGRESSIVE;
				CLANG_CXX_LANGUAGE_STANDARD = "gnu++20";
				CLANG_ENABLE_MODULES = YES;
				CLANG_ENABLE_OBJC_ARC = YES;
				CLANG_ENABLE_OBJC_WEAK = YES;
				CLANG_WARN_BLOCK_CAPTURE_AUTORELEASING = YES;
				CLANG_WARN_BOOL_CONVERSION = YES;
				CLANG_WARN_COMMA = YES;
				CLANG_WARN_CONSTANT_CONVERSION = YES;
				CLANG_WARN_DEPRECATED_OBJC_IMPLEMENTATIONS = YES;
				CLANG_WARN_DIRECT_OBJC_ISA_USAGE = YES_ERROR;
				CLANG_WARN_DOCUMENTATION_COMMENTS = YES;
				CLANG_WARN_EMPTY_BODY = YES;
				CLANG_WARN_ENUM_CONVERSION = YES;
				CLANG_WARN_INFINITE_RECURSION = YES;
				CLANG_WARN_INT_CONVERSION = YES;
				CLANG_WARN_NON_LITERAL_NULL_CONVERSION = YES;
				CLANG_WARN_OBJC_IMPLICIT_RETAIN_SELF = YES;
				CLANG_WARN_OBJC_LITERAL_CONVERSION = YES;
				CLANG_WARN_OBJC_ROOT_CLASS = YES_ERROR;
				CLANG_WARN_QUOTED_INCLUDE_IN_FRAMEWORK_HEADER = YES;
				CLANG_WARN_RANGE_LOOP_ANALYSIS = YES;
				CLANG_WARN_STRICT_PROTOTYPES = YES;
				CLANG_WARN_SUSPICIOUS_MOVE = YES;
				CLANG_WARN_UNGUARDED_AVAILABILITY = YES_AGGRESSIVE;
				CLANG_WARN_UNREACHABLE_CODE = YES;
				CLANG_WARN__DUPLICATE_METHOD_MATCH = YES;
				COPY_PHASE_STRIP = NO;
				DEBUG_INFORMATION_FORMAT = dwarf;
				ENABLE_STRICT_OBJC_MSGSEND = YES;
				ENABLE_TESTABILITY = YES;
				ENABLE_USER_SCRIPT_SANDBOXING = YES;
				GCC_C_LANGUAGE_STANDARD = gnu17;
				GCC_DYNAMIC_NO_PIC = NO;
				GCC_NO_COMMON_BLOCKS = YES;
				GCC_OPTIMIZATION_LEVEL = 0;
				GCC_PREPROCESSOR_DEFINITIONS = (
					"DEBUG=1",
					"$(inherited)",
				);
				GCC_WARN_64_TO_32_BIT_CONVERSION = YES;
				GCC_WARN_ABOUT_RETURN_TYPE = YES_ERROR;
				GCC_WARN_UNDECLARED_SELECTOR = YES;
				GCC_WARN_UNINITIALIZED_AUTOS = YES_AGGRESSIVE;
				GCC_WARN_UNUSED_FUNCTION = YES;
				GCC_WARN_UNUSED_VARIABLE = YES;
				IPHONEOS_DEPLOYMENT_TARGET = 15.0;
				LOCALIZATION_PREFERS_STRING_CATALOGS = YES;
				MTL_ENABLE_DEBUG_INFO = INCLUDE_SOURCE;
				MTL_FAST_MATH = YES;
				ONLY_ACTIVE_ARCH = YES;
				SDKROOT = iphoneos;
				SWIFT_ACTIVE_COMPILATION_CONDITIONS = "DEBUG $(inherited)";
				SWIFT_OPTIMIZATION_LEVEL = "-Onone";
			};
			name = Debug;
		};
		98CAFA3C2BE53950005571A2 /* Release */ = {
			isa = XCBuildConfiguration;
			buildSettings = {
				ALWAYS_SEARCH_USER_PATHS = NO;
				ASSETCATALOG_COMPILER_GENERATE_SWIFT_ASSET_SYMBOL_EXTENSIONS = YES;
				CLANG_ANALYZER_NONNULL = YES;
				CLANG_ANALYZER_NUMBER_OBJECT_CONVERSION = YES_AGGRESSIVE;
				CLANG_CXX_LANGUAGE_STANDARD = "gnu++20";
				CLANG_ENABLE_MODULES = YES;
				CLANG_ENABLE_OBJC_ARC = YES;
				CLANG_ENABLE_OBJC_WEAK = YES;
				CLANG_WARN_BLOCK_CAPTURE_AUTORELEASING = YES;
				CLANG_WARN_BOOL_CONVERSION = YES;
				CLANG_WARN_COMMA = YES;
				CLANG_WARN_CONSTANT_CONVERSION = YES;
				CLANG_WARN_DEPRECATED_OBJC_IMPLEMENTATIONS = YES;
				CLANG_WARN_DIRECT_OBJC_ISA_USAGE = YES_ERROR;
				CLANG_WARN_DOCUMENTATION_COMMENTS = YES;
				CLANG_WARN_EMPTY_BODY = YES;
				CLANG_WARN_ENUM_CONVERSION = YES;
				CLANG_WARN_INFINITE_RECURSION = YES;
				CLANG_WARN_INT_CONVERSION = YES;
				CLANG_WARN_NON_LITERAL_NULL_CONVERSION = YES;
				CLANG_WARN_OBJC_IMPLICIT_RETAIN_SELF = YES;
				CLANG_WARN_OBJC_LITERAL_CONVERSION = YES;
				CLANG_WARN_OBJC_ROOT_CLASS = YES_ERROR;
				CLANG_WARN_QUOTED_INCLUDE_IN_FRAMEWORK_HEADER = YES;
				CLANG_WARN_RANGE_LOOP_ANALYSIS = YES;
				CLANG_WARN_STRICT_PROTOTYPES = YES;
				CLANG_WARN_SUSPICIOUS_MOVE = YES;
				CLANG_WARN_UNGUARDED_AVAILABILITY = YES_AGGRESSIVE;
				CLANG_WARN_UNREACHABLE_CODE = YES;
				CLANG_WARN__DUPLICATE_METHOD_MATCH = YES;
				COPY_PHASE_STRIP = NO;
				DEBUG_INFORMATION_FORMAT = "dwarf-with-dsym";
				ENABLE_NS_ASSERTIONS = NO;
				ENABLE_STRICT_OBJC_MSGSEND = YES;
				ENABLE_USER_SCRIPT_SANDBOXING = YES;
				GCC_C_LANGUAGE_STANDARD = gnu17;
				GCC_NO_COMMON_BLOCKS = YES;
				GCC_WARN_64_TO_32_BIT_CONVERSION = YES;
				GCC_WARN_ABOUT_RETURN_TYPE = YES_ERROR;
				GCC_WARN_UNDECLARED_SELECTOR = YES;
				GCC_WARN_UNINITIALIZED_AUTOS = YES_AGGRESSIVE;
				GCC_WARN_UNUSED_FUNCTION = YES;
				GCC_WARN_UNUSED_VARIABLE = YES;
				IPHONEOS_DEPLOYMENT_TARGET = 15.0;
				LOCALIZATION_PREFERS_STRING_CATALOGS = YES;
				MTL_ENABLE_DEBUG_INFO = NO;
				MTL_FAST_MATH = YES;
				SDKROOT = iphoneos;
				SWIFT_COMPILATION_MODE = wholemodule;
				VALIDATE_PRODUCT = YES;
			};
			name = Release;
		};
		98CAFA3E2BE53950005571A2 /* Debug */ = {
			isa = XCBuildConfiguration;
			buildSettings = {
				ASSETCATALOG_COMPILER_APPICON_NAME = AppIcon;
				ASSETCATALOG_COMPILER_GLOBAL_ACCENT_COLOR_NAME = AccentColor;
				CODE_SIGN_STYLE = Automatic;
				CURRENT_PROJECT_VERSION = 1;
				DEVELOPMENT_ASSET_PATHS = "\"Weather/Preview Content\"";
				DEVELOPMENT_TEAM = 66C8Q7ZLNJ;
				ENABLE_PREVIEWS = YES;
				GENERATE_INFOPLIST_FILE = YES;
				INFOPLIST_KEY_NSLocationAlwaysUsageDescription = "We need your location to provide current Weather Information.";
				INFOPLIST_KEY_NSLocationWhenInUseUsageDescription = "We need your location to provide current Weather Information.";
				INFOPLIST_KEY_UIApplicationSceneManifest_Generation = YES;
				INFOPLIST_KEY_UIApplicationSupportsIndirectInputEvents = YES;
				INFOPLIST_KEY_UILaunchScreen_Generation = YES;
				INFOPLIST_KEY_UISupportedInterfaceOrientations_iPad = "UIInterfaceOrientationPortrait UIInterfaceOrientationPortraitUpsideDown UIInterfaceOrientationLandscapeLeft UIInterfaceOrientationLandscapeRight";
				INFOPLIST_KEY_UISupportedInterfaceOrientations_iPhone = "UIInterfaceOrientationPortrait UIInterfaceOrientationLandscapeLeft UIInterfaceOrientationLandscapeRight";
				IPHONEOS_DEPLOYMENT_TARGET = 15.0;
				LD_RUNPATH_SEARCH_PATHS = (
					"$(inherited)",
					"@executable_path/Frameworks",
				);
				MARKETING_VERSION = 1.0;
				PRODUCT_BUNDLE_IDENTIFIER = info.Weather;
				PRODUCT_NAME = "$(TARGET_NAME)";
				SWIFT_EMIT_LOC_STRINGS = YES;
				SWIFT_VERSION = 5.0;
				TARGETED_DEVICE_FAMILY = "1,2";
			};
			name = Debug;
		};
		98CAFA3F2BE53950005571A2 /* Release */ = {
			isa = XCBuildConfiguration;
			buildSettings = {
				ASSETCATALOG_COMPILER_APPICON_NAME = AppIcon;
				ASSETCATALOG_COMPILER_GLOBAL_ACCENT_COLOR_NAME = AccentColor;
				CODE_SIGN_STYLE = Automatic;
				CURRENT_PROJECT_VERSION = 1;
				DEVELOPMENT_ASSET_PATHS = "\"Weather/Preview Content\"";
				DEVELOPMENT_TEAM = 66C8Q7ZLNJ;
				ENABLE_PREVIEWS = YES;
				GENERATE_INFOPLIST_FILE = YES;
				INFOPLIST_KEY_NSLocationAlwaysUsageDescription = "We need your location to provide current Weather Information.";
				INFOPLIST_KEY_NSLocationWhenInUseUsageDescription = "We need your location to provide current Weather Information.";
				INFOPLIST_KEY_UIApplicationSceneManifest_Generation = YES;
				INFOPLIST_KEY_UIApplicationSupportsIndirectInputEvents = YES;
				INFOPLIST_KEY_UILaunchScreen_Generation = YES;
				INFOPLIST_KEY_UISupportedInterfaceOrientations_iPad = "UIInterfaceOrientationPortrait UIInterfaceOrientationPortraitUpsideDown UIInterfaceOrientationLandscapeLeft UIInterfaceOrientationLandscapeRight";
				INFOPLIST_KEY_UISupportedInterfaceOrientations_iPhone = "UIInterfaceOrientationPortrait UIInterfaceOrientationLandscapeLeft UIInterfaceOrientationLandscapeRight";
				IPHONEOS_DEPLOYMENT_TARGET = 15.0;
				LD_RUNPATH_SEARCH_PATHS = (
					"$(inherited)",
					"@executable_path/Frameworks",
				);
				MARKETING_VERSION = 1.0;
				PRODUCT_BUNDLE_IDENTIFIER = info.Weather;
				PRODUCT_NAME = "$(TARGET_NAME)";
				SWIFT_EMIT_LOC_STRINGS = YES;
				SWIFT_VERSION = 5.0;
				TARGETED_DEVICE_FAMILY = "1,2";
			};
			name = Release;
		};
/* End XCBuildConfiguration section */

/* Begin XCConfigurationList section */
		98CAFA2A2BE5394D005571A2 /* Build configuration list for PBXProject "Weather" */ = {
			isa = XCConfigurationList;
			buildConfigurations = (
				98CAFA3B2BE53950005571A2 /* Debug */,
				98CAFA3C2BE53950005571A2 /* Release */,
			);
			defaultConfigurationIsVisible = 0;
			defaultConfigurationName = Release;
		};
		98CAFA3D2BE53950005571A2 /* Build configuration list for PBXNativeTarget "Weather" */ = {
			isa = XCConfigurationList;
			buildConfigurations = (
				98CAFA3E2BE53950005571A2 /* Debug */,
				98CAFA3F2BE53950005571A2 /* Release */,
			);
			defaultConfigurationIsVisible = 0;
			defaultConfigurationName = Release;
		};
/* End XCConfigurationList section */
	};
	rootObject = 98CAFA272BE5394D005571A2 /* Project object */;
}
